
Microsoft Visual Studio Solution File, Format Version 12.00
# Visual Studio Version 17
VisualStudioVersion = 17.5.002.0
MinimumVisualStudioVersion = 10.0.40219.1
Project("{2150E333-8FDC-42A3-9474-1A3956D46DE8}") = "backend", "backend", "{58BA419C-FC7B-4462-9334-F8CF505D7076}"
EndProject
Project("{9A19103F-16F7-4668-BE54-9A1E7A4F7556}") = "api", "backend\api\api.csproj", "{B16FCFF8-84AA-44C6-923F-6EEFF60F6DCE}"
EndProject
Global
	GlobalSection(SolutionConfigurationPlatforms) = preSolution
		Debug|Any CPU = Debug|Any CPU
		Release|Any CPU = Release|Any CPU
	EndGlobalSection
	GlobalSection(ProjectConfigurationPlatforms) = postSolution
		{B16FCFF8-84AA-44C6-923F-6EEFF60F6DCE}.Debug|Any CPU.ActiveCfg = Debug|Any CPU
		{B16FCFF8-84AA-44C6-923F-6EEFF60F6DCE}.Debug|Any CPU.Build.0 = Debug|Any CPU
		{B16FCFF8-84AA-44C6-923F-6EEFF60F6DCE}.Release|Any CPU.ActiveCfg = Release|Any CPU
		{B16FCFF8-84AA-44C6-923F-6EEFF60F6DCE}.Release|Any CPU.Build.0 = Release|Any CPU
	EndGlobalSection
	GlobalSection(SolutionProperties) = preSolution
		HideSolutionNode = FALSE
	EndGlobalSection
	GlobalSection(NestedProjects) = preSolution
		{B16FCFF8-84AA-44C6-923F-6EEFF60F6DCE} = {58BA419C-FC7B-4462-9334-F8CF505D7076}
	EndGlobalSection
	GlobalSection(ExtensibilityGlobals) = postSolution
		SolutionGuid = {363FBC6B-6CA8-4CC3-8D2E-895F9AA25058}
	EndGlobalSection
EndGlobal
